
Microsoft Visual Studio Solution File, Format Version 12.00
# Visual Studio Version 17
VisualStudioVersion = 17.4.33213.308
MinimumVisualStudioVersion = 10.0.40219.1
Project("{FAE04EC0-301F-11D3-BF4B-00C04F79EFBC}") = "A8_WordCount", "A8_WordCount\A8_WordCount.csproj", "{E516A5FE-448A-41B1-8A7D-89CB94B0D1B0}"
	ProjectSection(ProjectDependencies) = postProject
		{DE3CD3E0-2047-4D81-BDD8-7219BBDA5331} = {DE3CD3E0-2047-4D81-BDD8-7219BBDA5331}
	EndProjectSection
EndProject
Project("{FAE04EC0-301F-11D3-BF4B-00C04F79EFBC}") = "WcfServices", "WcfServices\WcfServices.csproj", "{DE3CD3E0-2047-4D81-BDD8-7219BBDA5331}"
EndProject
Global
	GlobalSection(SolutionConfigurationPlatforms) = preSolution
		Debug|Any CPU = Debug|Any CPU
		Release|Any CPU = Release|Any CPU
	EndGlobalSection
	GlobalSection(ProjectConfigurationPlatforms) = postSolution
		{E516A5FE-448A-41B1-8A7D-89CB94B0D1B0}.Debug|Any CPU.ActiveCfg = Debug|Any CPU
		{E516A5FE-448A-41B1-8A7D-89CB94B0D1B0}.Debug|Any CPU.Build.0 = Debug|Any CPU
		{E516A5FE-448A-41B1-8A7D-89CB94B0D1B0}.Release|Any CPU.ActiveCfg = Release|Any CPU
		{E516A5FE-448A-41B1-8A7D-89CB94B0D1B0}.Release|Any CPU.Build.0 = Release|Any CPU
		{DE3CD3E0-2047-4D81-BDD8-7219BBDA5331}.Debug|Any CPU.ActiveCfg = Debug|Any CPU
		{DE3CD3E0-2047-4D81-BDD8-7219BBDA5331}.Debug|Any CPU.Build.0 = Debug|Any CPU
		{DE3CD3E0-2047-4D81-BDD8-7219BBDA5331}.Release|Any CPU.ActiveCfg = Release|Any CPU
		{DE3CD3E0-2047-4D81-BDD8-7219BBDA5331}.Release|Any CPU.Build.0 = Release|Any CPU
	EndGlobalSection
	GlobalSection(SolutionProperties) = preSolution
		HideSolutionNode = FALSE
	EndGlobalSection
	GlobalSection(ExtensibilityGlobals) = postSolution
		SolutionGuid = {60BF8975-422C-4E4D-B2F0-3BD6A76BB7BF}
	EndGlobalSection
EndGlobal
